
Microsoft Visual Studio Solution File, Format Version 12.00
# Visual Studio 15
VisualStudioVersion = 15.0.28307.106
MinimumVisualStudioVersion = 10.0.40219.1
Project("{FAE04EC0-301F-11D3-BF4B-00C04F79EFBC}") = "tomy_jerry", "tomy_jerry\tomy_jerry.csproj", "{02DEAFEC-E6C3-4382-A3CD-BE3511AE059A}"
EndProject
Global
	GlobalSection(SolutionConfigurationPlatforms) = preSolution
		Debug|Any CPU = Debug|Any CPU
		Release|Any CPU = Release|Any CPU
	EndGlobalSection
	GlobalSection(ProjectConfigurationPlatforms) = postSolution
		{02DEAFEC-E6C3-4382-A3CD-BE3511AE059A}.Debug|Any CPU.ActiveCfg = Debug|Any CPU
		{02DEAFEC-E6C3-4382-A3CD-BE3511AE059A}.Debug|Any CPU.Build.0 = Debug|Any CPU
		{02DEAFEC-E6C3-4382-A3CD-BE3511AE059A}.Release|Any CPU.ActiveCfg = Release|Any CPU
		{02DEAFEC-E6C3-4382-A3CD-BE3511AE059A}.Release|Any CPU.Build.0 = Release|Any CPU
	EndGlobalSection
	GlobalSection(SolutionProperties) = preSolution
		HideSolutionNode = FALSE
	EndGlobalSection
	GlobalSection(ExtensibilityGlobals) = postSolution
		SolutionGuid = {64F41E67-EEA4-4CB2-B2CA-20617FE9C0AE}
	EndGlobalSection
EndGlobal
